
Microsoft Visual Studio Solution File, Format Version 12.00
# Visual Studio 2012
Project("{FAE04EC0-301F-11D3-BF4B-00C04F79EFBC}") = "Appcheckbox", "Appcheckbox\Appcheckbox.csproj", "{7BBBD4D3-D462-4BCF-8BD3-92D520D6A717}"
EndProject
Global
	GlobalSection(SolutionConfigurationPlatforms) = preSolution
		Debug|Any CPU = Debug|Any CPU
		Release|Any CPU = Release|Any CPU
	EndGlobalSection
	GlobalSection(ProjectConfigurationPlatforms) = postSolution
		{7BBBD4D3-D462-4BCF-8BD3-92D520D6A717}.Debug|Any CPU.ActiveCfg = Debug|Any CPU
		{7BBBD4D3-D462-4BCF-8BD3-92D520D6A717}.Debug|Any CPU.Build.0 = Debug|Any CPU
		{7BBBD4D3-D462-4BCF-8BD3-92D520D6A717}.Release|Any CPU.ActiveCfg = Release|Any CPU
		{7BBBD4D3-D462-4BCF-8BD3-92D520D6A717}.Release|Any CPU.Build.0 = Release|Any CPU
	EndGlobalSection
	GlobalSection(SolutionProperties) = preSolution
		HideSolutionNode = FALSE
	EndGlobalSection
EndGlobal
