
Microsoft Visual Studio Solution File, Format Version 11.00
# Visual Studio 2010
Project("{FAE04EC0-301F-11D3-BF4B-00C04F79EFBC}") = "AppDosNumeros", "AppDosNumeros\AppDosNumeros.csproj", "{0A5273BF-42DB-4845-8092-BDE77B0899F4}"
EndProject
Global
	GlobalSection(SolutionConfigurationPlatforms) = preSolution
		Debug|x86 = Debug|x86
		Release|x86 = Release|x86
	EndGlobalSection
	GlobalSection(ProjectConfigurationPlatforms) = postSolution
		{0A5273BF-42DB-4845-8092-BDE77B0899F4}.Debug|x86.ActiveCfg = Debug|x86
		{0A5273BF-42DB-4845-8092-BDE77B0899F4}.Debug|x86.Build.0 = Debug|x86
		{0A5273BF-42DB-4845-8092-BDE77B0899F4}.Release|x86.ActiveCfg = Release|x86
		{0A5273BF-42DB-4845-8092-BDE77B0899F4}.Release|x86.Build.0 = Release|x86
	EndGlobalSection
	GlobalSection(MonoDevelopProperties) = preSolution
		StartupItem = AppDosNumeros\AppDosNumeros.csproj
	EndGlobalSection
EndGlobal
