
Microsoft Visual Studio Solution File, Format Version 12.00
# Visual Studio 2012
Project("{E24C65DC-7377-472B-9ABA-BC803B73C61A}") = "Webpartido", "http://localhost:2177", "{004300DA-7CDD-48E9-AAB2-BC306B94D23B}"
	ProjectSection(WebsiteProperties) = preProject
		UseIISExpress = "true"
		TargetFrameworkMoniker = ".NETFramework,Version%3Dv4.5"
		Debug.AspNetCompiler.VirtualPath = "/localhost_2177"
		Debug.AspNetCompiler.PhysicalPath = "..\..\WebSites\Webpartido\"
		Debug.AspNetCompiler.TargetPath = "PrecompiledWeb\localhost_2177\"
		Debug.AspNetCompiler.Updateable = "true"
		Debug.AspNetCompiler.ForceOverwrite = "true"
		Debug.AspNetCompiler.FixedNames = "false"
		Debug.AspNetCompiler.Debug = "True"
		Release.AspNetCompiler.VirtualPath = "/localhost_2177"
		Release.AspNetCompiler.PhysicalPath = "..\..\WebSites\Webpartido\"
		Release.AspNetCompiler.TargetPath = "PrecompiledWeb\localhost_2177\"
		Release.AspNetCompiler.Updateable = "true"
		Release.AspNetCompiler.ForceOverwrite = "true"
		Release.AspNetCompiler.FixedNames = "false"
		Release.AspNetCompiler.Debug = "False"
		SlnRelativePath = "..\..\WebSites\Webpartido\"
		DefaultWebSiteLanguage = "Visual C#"
	EndProjectSection
EndProject
Global
	GlobalSection(SolutionConfigurationPlatforms) = preSolution
		Debug|Any CPU = Debug|Any CPU
	EndGlobalSection
	GlobalSection(ProjectConfigurationPlatforms) = postSolution
		{004300DA-7CDD-48E9-AAB2-BC306B94D23B}.Debug|Any CPU.ActiveCfg = Debug|Any CPU
		{004300DA-7CDD-48E9-AAB2-BC306B94D23B}.Debug|Any CPU.Build.0 = Debug|Any CPU
	EndGlobalSection
	GlobalSection(SolutionProperties) = preSolution
		HideSolutionNode = FALSE
	EndGlobalSection
EndGlobal
